Microsoft Visual Studio Solution File, Format Version 12.00
# Visual Studio Version 17
VisualStudioVersion = 17.5.2.0
MinimumVisualStudioVersion = 10.0.40219.1
Project("{FAE04EC0-301F-11D3-BF4B-00C04F79EFBC}") = "S23", "S23\S23.csproj", "{37011F93-1753-16DF-A515-9C75AC7AB06B}"
EndProject
Global
	GlobalSection(SolutionConfigurationPlatforms) = preSolution
		Debug|Any CPU = Debug|Any CPU
		Release|Any CPU = Release|Any CPU
	EndGlobalSection
	GlobalSection(ProjectConfigurationPlatforms) = postSolution
		{37011F93-1753-16DF-A515-9C75AC7AB06B}.Debug|Any CPU.ActiveCfg = Debug|Any CPU
		{37011F93-1753-16DF-A515-9C75AC7AB06B}.Debug|Any CPU.Build.0 = Debug|Any CPU
		{37011F93-1753-16DF-A515-9C75AC7AB06B}.Release|Any CPU.ActiveCfg = Release|Any CPU
		{37011F93-1753-16DF-A515-9C75AC7AB06B}.Release|Any CPU.Build.0 = Release|Any CPU
	EndGlobalSection
	GlobalSection(SolutionProperties) = preSolution
		HideSolutionNode = FALSE
	EndGlobalSection
	GlobalSection(ExtensibilityGlobals) = postSolution
		SolutionGuid = {3BB826E9-2D61-44FE-B744-BF9AC5225CC0}
	EndGlobalSection
EndGlobal
