Microsoft Visual Studio Solution File, Format Version 12.00
# Visual Studio Version 17
VisualStudioVersion = 17.5.2.0
MinimumVisualStudioVersion = 10.0.40219.1
Project("{FAE04EC0-301F-11D3-BF4B-00C04F79EFBC}") = "S18con", "S18con\S18con.csproj", "{AD607F6D-A89A-0038-8B9E-CDD04965A3B9}"
EndProject
Global
	GlobalSection(SolutionConfigurationPlatforms) = preSolution
		Debug|Any CPU = Debug|Any CPU
		Release|Any CPU = Release|Any CPU
	EndGlobalSection
	GlobalSection(ProjectConfigurationPlatforms) = postSolution
		{AD607F6D-A89A-0038-8B9E-CDD04965A3B9}.Debug|Any CPU.ActiveCfg = Debug|Any CPU
		{AD607F6D-A89A-0038-8B9E-CDD04965A3B9}.Debug|Any CPU.Build.0 = Debug|Any CPU
		{AD607F6D-A89A-0038-8B9E-CDD04965A3B9}.Release|Any CPU.ActiveCfg = Release|Any CPU
		{AD607F6D-A89A-0038-8B9E-CDD04965A3B9}.Release|Any CPU.Build.0 = Release|Any CPU
	EndGlobalSection
	GlobalSection(SolutionProperties) = preSolution
		HideSolutionNode = FALSE
	EndGlobalSection
	GlobalSection(ExtensibilityGlobals) = postSolution
		SolutionGuid = {98D6D4D5-382A-4DFD-8AD0-F78BE5226AF0}
	EndGlobalSection
EndGlobal
